
Microsoft Visual Studio Solution File, Format Version 12.00
# Visual Studio Version 17
VisualStudioVersion = 17.5.002.0
MinimumVisualStudioVersion = 10.0.40219.1
Project("{9A19103F-16F7-4668-BE54-9A1E7A4F7556}") = "tehtG1-2", "tehtG1-2.csproj", "{9EAAD93A-A8D7-4E85-BA14-EC48B367450F}"
EndProject
Global
	GlobalSection(SolutionConfigurationPlatforms) = preSolution
		Debug|Any CPU = Debug|Any CPU
		Release|Any CPU = Release|Any CPU
	EndGlobalSection
	GlobalSection(ProjectConfigurationPlatforms) = postSolution
		{9EAAD93A-A8D7-4E85-BA14-EC48B367450F}.Debug|Any CPU.ActiveCfg = Debug|Any CPU
		{9EAAD93A-A8D7-4E85-BA14-EC48B367450F}.Debug|Any CPU.Build.0 = Debug|Any CPU
		{9EAAD93A-A8D7-4E85-BA14-EC48B367450F}.Release|Any CPU.ActiveCfg = Release|Any CPU
		{9EAAD93A-A8D7-4E85-BA14-EC48B367450F}.Release|Any CPU.Build.0 = Release|Any CPU
	EndGlobalSection
	GlobalSection(SolutionProperties) = preSolution
		HideSolutionNode = FALSE
	EndGlobalSection
	GlobalSection(ExtensibilityGlobals) = postSolution
		SolutionGuid = {1DD21013-FA1F-4491-AAEE-DC003CD97006}
	EndGlobalSection
EndGlobal
